
Microsoft Visual Studio Solution File, Format Version 12.00
# Visual Studio Version 16
VisualStudioVersion = 16.0.31624.102
MinimumVisualStudioVersion = 10.0.40219.1
Project("{FAE04EC0-301F-11D3-BF4B-00C04F79EFBC}") = "WateringAndPlantingGivesXP", "WateringAndPlantingGivesXP\WateringAndPlantingGivesXP.csproj", "{388A5E52-140E-47A6-B2C2-5E2413949C32}"
EndProject
Global
	GlobalSection(SolutionConfigurationPlatforms) = preSolution
		Debug|Any CPU = Debug|Any CPU
		Release|Any CPU = Release|Any CPU
	EndGlobalSection
	GlobalSection(ProjectConfigurationPlatforms) = postSolution
		{388A5E52-140E-47A6-B2C2-5E2413949C32}.Debug|Any CPU.ActiveCfg = Debug|Any CPU
		{388A5E52-140E-47A6-B2C2-5E2413949C32}.Debug|Any CPU.Build.0 = Debug|Any CPU
		{388A5E52-140E-47A6-B2C2-5E2413949C32}.Release|Any CPU.ActiveCfg = Release|Any CPU
		{388A5E52-140E-47A6-B2C2-5E2413949C32}.Release|Any CPU.Build.0 = Release|Any CPU
	EndGlobalSection
	GlobalSection(SolutionProperties) = preSolution
		HideSolutionNode = FALSE
	EndGlobalSection
	GlobalSection(ExtensibilityGlobals) = postSolution
		SolutionGuid = {FA54B6AD-CBC4-4F70-9E2A-E75F621AE906}
	EndGlobalSection
EndGlobal
